
Microsoft Visual Studio Solution File, Format Version 12.00
# Visual Studio Version 17
VisualStudioVersion = 17.4.33403.182
MinimumVisualStudioVersion = 10.0.40219.1
Project("{D2ABAB84-BF74-430A-B69E-9DC6D40DDA17}") = "Olist-Analysis", "Olist-Analysis\Olist-Analysis.dwproj", "{3AC56DEF-E144-4C0B-A1E1-EAE756766BF4}"
EndProject
Global
	GlobalSection(SolutionConfigurationPlatforms) = preSolution
		Development|Default = Development|Default
	EndGlobalSection
	GlobalSection(ProjectConfigurationPlatforms) = postSolution
		{3AC56DEF-E144-4C0B-A1E1-EAE756766BF4}.Development|Default.ActiveCfg = Development
		{3AC56DEF-E144-4C0B-A1E1-EAE756766BF4}.Development|Default.Build.0 = Development
		{3AC56DEF-E144-4C0B-A1E1-EAE756766BF4}.Development|Default.Deploy.0 = Development
	EndGlobalSection
	GlobalSection(SolutionProperties) = preSolution
		HideSolutionNode = FALSE
	EndGlobalSection
	GlobalSection(ExtensibilityGlobals) = postSolution
		SolutionGuid = {EBF8B780-6EBA-4B0F-870B-2763A119B791}
	EndGlobalSection
EndGlobal
